
Microsoft Visual Studio Solution File, Format Version 12.00
# Visual Studio Version 17
VisualStudioVersion = 17.8.34330.188
MinimumVisualStudioVersion = 10.0.40219.1
Project("{FAE04EC0-301F-11D3-BF4B-00C04F79EFBC}") = "QLNH_APIs", "QLNH_APIs\QLNH_APIs.csproj", "{0BE28EAD-2801-4AA9-BCFA-4E4ACA0FC174}"
EndProject
Global
	GlobalSection(SolutionConfigurationPlatforms) = preSolution
		Debug|Any CPU = Debug|Any CPU
		Release|Any CPU = Release|Any CPU
	EndGlobalSection
	GlobalSection(ProjectConfigurationPlatforms) = postSolution
		{0BE28EAD-2801-4AA9-BCFA-4E4ACA0FC174}.Debug|Any CPU.ActiveCfg = Debug|Any CPU
		{0BE28EAD-2801-4AA9-BCFA-4E4ACA0FC174}.Debug|Any CPU.Build.0 = Debug|Any CPU
		{0BE28EAD-2801-4AA9-BCFA-4E4ACA0FC174}.Release|Any CPU.ActiveCfg = Release|Any CPU
		{0BE28EAD-2801-4AA9-BCFA-4E4ACA0FC174}.Release|Any CPU.Build.0 = Release|Any CPU
	EndGlobalSection
	GlobalSection(SolutionProperties) = preSolution
		HideSolutionNode = FALSE
	EndGlobalSection
	GlobalSection(ExtensibilityGlobals) = postSolution
		SolutionGuid = {98B2CB02-F279-4AFD-813E-F2A093314400}
	EndGlobalSection
EndGlobal
